
Microsoft Visual Studio Solution File, Format Version 12.00
# Visual Studio 15
VisualStudioVersion = 15.0.28010.2036
MinimumVisualStudioVersion = 10.0.40219.1
Project("{FAE04EC0-301F-11D3-BF4B-00C04F79EFBC}") = "Cereal", "Cereal\Cereal.csproj", "{71F2FF3C-F0A3-43C3-9D81-0ED48A9D433F}"
EndProject
Global
	GlobalSection(SolutionConfigurationPlatforms) = preSolution
		Debug|Any CPU = Debug|Any CPU
		Release|Any CPU = Release|Any CPU
	EndGlobalSection
	GlobalSection(ProjectConfigurationPlatforms) = postSolution
		{71F2FF3C-F0A3-43C3-9D81-0ED48A9D433F}.Debug|Any CPU.ActiveCfg = Debug|Any CPU
		{71F2FF3C-F0A3-43C3-9D81-0ED48A9D433F}.Debug|Any CPU.Build.0 = Debug|Any CPU
		{71F2FF3C-F0A3-43C3-9D81-0ED48A9D433F}.Release|Any CPU.ActiveCfg = Release|Any CPU
		{71F2FF3C-F0A3-43C3-9D81-0ED48A9D433F}.Release|Any CPU.Build.0 = Release|Any CPU
	EndGlobalSection
	GlobalSection(SolutionProperties) = preSolution
		HideSolutionNode = FALSE
	EndGlobalSection
	GlobalSection(ExtensibilityGlobals) = postSolution
		SolutionGuid = {276C23F8-FF36-4E04-8FFA-1254821AA7D5}
	EndGlobalSection
EndGlobal
